
Microsoft Visual Studio Solution File, Format Version 12.00
# Visual Studio Version 16
VisualStudioVersion = 16.0.31605.320
MinimumVisualStudioVersion = 10.0.40219.1
Project("{FAE04EC0-301F-11D3-BF4B-00C04F79EFBC}") = "Obj 5.6", "Obj 5.6.csproj", "{96D59976-18A1-4384-983A-D0AA1C4C2053}"
EndProject
Global
	GlobalSection(SolutionConfigurationPlatforms) = preSolution
		Debug|Any CPU = Debug|Any CPU
		Release|Any CPU = Release|Any CPU
	EndGlobalSection
	GlobalSection(ProjectConfigurationPlatforms) = postSolution
		{96D59976-18A1-4384-983A-D0AA1C4C2053}.Debug|Any CPU.ActiveCfg = Debug|Any CPU
		{96D59976-18A1-4384-983A-D0AA1C4C2053}.Debug|Any CPU.Build.0 = Debug|Any CPU
		{96D59976-18A1-4384-983A-D0AA1C4C2053}.Release|Any CPU.ActiveCfg = Release|Any CPU
		{96D59976-18A1-4384-983A-D0AA1C4C2053}.Release|Any CPU.Build.0 = Release|Any CPU
	EndGlobalSection
	GlobalSection(SolutionProperties) = preSolution
		HideSolutionNode = FALSE
	EndGlobalSection
	GlobalSection(ExtensibilityGlobals) = postSolution
		SolutionGuid = {EB0EDCC7-E965-453A-A9B6-2860C03DD0B9}
	EndGlobalSection
EndGlobal
